
Microsoft Visual Studio Solution File, Format Version 12.00
# Visual Studio 14
VisualStudioVersion = 14.0.25420.1
MinimumVisualStudioVersion = 10.0.40219.1
Project("{8BC9CEB8-8B4A-11D0-8D11-00A0C91BC942}") = "Sandbox", "Sandbox\Sandbox.vcxproj", "{0FCDCD7C-644D-4F7A-89AF-B241A64CFFAC}"
	ProjectSection(ProjectDependencies) = postProject
		{9641F8F5-4A35-4147-B9CA-91F2F4402E75} = {9641F8F5-4A35-4147-B9CA-91F2F4402E75}
	EndProjectSection
EndProject
Project("{8BC9CEB8-8B4A-11D0-8D11-00A0C91BC942}") = "Cereal", "Cereal\Cereal.vcxproj", "{9641F8F5-4A35-4147-B9CA-91F2F4402E75}"
EndProject
Project("{8BC9CEB8-8B4A-11D0-8D11-00A0C91BC942}") = "dbread", "dbread\dbread.vcxproj", "{08F2111A-5CB0-4B46-943F-17DD172F81EF}"
EndProject
Project("{8BC9CEB8-8B4A-11D0-8D11-00A0C91BC942}") = "UnitTest", "UnitTest\UnitTest.vcxproj", "{B7E40900-DD3D-4BEB-85C2-8D02A502A9C6}"
EndProject
Global
	GlobalSection(SolutionConfigurationPlatforms) = preSolution
		Debug|Any CPU = Debug|Any CPU
		Debug|x64 = Debug|x64
		Debug|x86 = Debug|x86
		Release|Any CPU = Release|Any CPU
		Release|x64 = Release|x64
		Release|x86 = Release|x86
	EndGlobalSection
	GlobalSection(ProjectConfigurationPlatforms) = postSolution
		{0FCDCD7C-644D-4F7A-89AF-B241A64CFFAC}.Debug|Any CPU.ActiveCfg = Debug|Win32
		{0FCDCD7C-644D-4F7A-89AF-B241A64CFFAC}.Debug|x64.ActiveCfg = Debug|x64
		{0FCDCD7C-644D-4F7A-89AF-B241A64CFFAC}.Debug|x64.Build.0 = Debug|x64
		{0FCDCD7C-644D-4F7A-89AF-B241A64CFFAC}.Debug|x86.ActiveCfg = Debug|Win32
		{0FCDCD7C-644D-4F7A-89AF-B241A64CFFAC}.Debug|x86.Build.0 = Debug|Win32
		{0FCDCD7C-644D-4F7A-89AF-B241A64CFFAC}.Release|Any CPU.ActiveCfg = Release|Win32
		{0FCDCD7C-644D-4F7A-89AF-B241A64CFFAC}.Release|x64.ActiveCfg = Release|x64
		{0FCDCD7C-644D-4F7A-89AF-B241A64CFFAC}.Release|x64.Build.0 = Release|x64
		{0FCDCD7C-644D-4F7A-89AF-B241A64CFFAC}.Release|x86.ActiveCfg = Release|Win32
		{0FCDCD7C-644D-4F7A-89AF-B241A64CFFAC}.Release|x86.Build.0 = Release|Win32
		{9641F8F5-4A35-4147-B9CA-91F2F4402E75}.Debug|Any CPU.ActiveCfg = Debug|Win32
		{9641F8F5-4A35-4147-B9CA-91F2F4402E75}.Debug|x64.ActiveCfg = Debug|x64
		{9641F8F5-4A35-4147-B9CA-91F2F4402E75}.Debug|x64.Build.0 = Debug|x64
		{9641F8F5-4A35-4147-B9CA-91F2F4402E75}.Debug|x86.ActiveCfg = Debug|Win32
		{9641F8F5-4A35-4147-B9CA-91F2F4402E75}.Debug|x86.Build.0 = Debug|Win32
		{9641F8F5-4A35-4147-B9CA-91F2F4402E75}.Release|Any CPU.ActiveCfg = Release|Win32
		{9641F8F5-4A35-4147-B9CA-91F2F4402E75}.Release|x64.ActiveCfg = Release|x64
		{9641F8F5-4A35-4147-B9CA-91F2F4402E75}.Release|x64.Build.0 = Release|x64
		{9641F8F5-4A35-4147-B9CA-91F2F4402E75}.Release|x86.ActiveCfg = Release|Win32
		{9641F8F5-4A35-4147-B9CA-91F2F4402E75}.Release|x86.Build.0 = Release|Win32
		{08F2111A-5CB0-4B46-943F-17DD172F81EF}.Debug|Any CPU.ActiveCfg = Debug|Win32
		{08F2111A-5CB0-4B46-943F-17DD172F81EF}.Debug|x64.ActiveCfg = Debug|x64
		{08F2111A-5CB0-4B46-943F-17DD172F81EF}.Debug|x64.Build.0 = Debug|x64
		{08F2111A-5CB0-4B46-943F-17DD172F81EF}.Debug|x86.ActiveCfg = Debug|Win32
		{08F2111A-5CB0-4B46-943F-17DD172F81EF}.Debug|x86.Build.0 = Debug|Win32
		{08F2111A-5CB0-4B46-943F-17DD172F81EF}.Release|Any CPU.ActiveCfg = Release|Win32
		{08F2111A-5CB0-4B46-943F-17DD172F81EF}.Release|x64.ActiveCfg = Release|x64
		{08F2111A-5CB0-4B46-943F-17DD172F81EF}.Release|x64.Build.0 = Release|x64
		{08F2111A-5CB0-4B46-943F-17DD172F81EF}.Release|x86.ActiveCfg = Release|Win32
		{08F2111A-5CB0-4B46-943F-17DD172F81EF}.Release|x86.Build.0 = Release|Win32
		{B7E40900-DD3D-4BEB-85C2-8D02A502A9C6}.Debug|Any CPU.ActiveCfg = Debug|Win32
		{B7E40900-DD3D-4BEB-85C2-8D02A502A9C6}.Debug|x64.ActiveCfg = Debug|x64
		{B7E40900-DD3D-4BEB-85C2-8D02A502A9C6}.Debug|x64.Build.0 = Debug|x64
		{B7E40900-DD3D-4BEB-85C2-8D02A502A9C6}.Debug|x86.ActiveCfg = Debug|Win32
		{B7E40900-DD3D-4BEB-85C2-8D02A502A9C6}.Debug|x86.Build.0 = Debug|Win32
		{B7E40900-DD3D-4BEB-85C2-8D02A502A9C6}.Release|Any CPU.ActiveCfg = Release|Win32
		{B7E40900-DD3D-4BEB-85C2-8D02A502A9C6}.Release|x64.ActiveCfg = Release|x64
		{B7E40900-DD3D-4BEB-85C2-8D02A502A9C6}.Release|x64.Build.0 = Release|x64
		{B7E40900-DD3D-4BEB-85C2-8D02A502A9C6}.Release|x86.ActiveCfg = Release|Win32
		{B7E40900-DD3D-4BEB-85C2-8D02A502A9C6}.Release|x86.Build.0 = Release|Win32
	EndGlobalSection
	GlobalSection(SolutionProperties) = preSolution
		HideSolutionNode = FALSE
	EndGlobalSection
EndGlobal
